
Microsoft Visual Studio Solution File, Format Version 12.00
# Visual Studio Version 17
VisualStudioVersion = 17.10.34916.146
MinimumVisualStudioVersion = 10.0.40219.1
Project("{FAE04EC0-301F-11D3-BF4B-00C04F79EFBC}") = "WT5000WaveFormCapture", "WT5000WaveFormCapture\WT5000WaveFormCapture.csproj", "{E376FF75-DDE8-42EB-936A-0272B52982BF}"
EndProject
Global
	GlobalSection(SolutionConfigurationPlatforms) = preSolution
		Debug|Any CPU = Debug|Any CPU
		Debug|x64 = Debug|x64
		Release|Any CPU = Release|Any CPU
		Release|x64 = Release|x64
	EndGlobalSection
	GlobalSection(ProjectConfigurationPlatforms) = postSolution
		{E376FF75-DDE8-42EB-936A-0272B52982BF}.Debug|Any CPU.ActiveCfg = Debug|Any CPU
		{E376FF75-DDE8-42EB-936A-0272B52982BF}.Debug|Any CPU.Build.0 = Debug|Any CPU
		{E376FF75-DDE8-42EB-936A-0272B52982BF}.Debug|x64.ActiveCfg = Debug|x64
		{E376FF75-DDE8-42EB-936A-0272B52982BF}.Debug|x64.Build.0 = Debug|x64
		{E376FF75-DDE8-42EB-936A-0272B52982BF}.Release|Any CPU.ActiveCfg = Release|Any CPU
		{E376FF75-DDE8-42EB-936A-0272B52982BF}.Release|Any CPU.Build.0 = Release|Any CPU
		{E376FF75-DDE8-42EB-936A-0272B52982BF}.Release|x64.ActiveCfg = Release|x64
		{E376FF75-DDE8-42EB-936A-0272B52982BF}.Release|x64.Build.0 = Release|x64
	EndGlobalSection
	GlobalSection(SolutionProperties) = preSolution
		HideSolutionNode = FALSE
	EndGlobalSection
	GlobalSection(ExtensibilityGlobals) = postSolution
		SolutionGuid = {58143AE5-4A53-47B2-AC22-DC338C70C0C5}
	EndGlobalSection
EndGlobal
